// !$*UTF8*$!
{
	archiveVersion = 1;
	classes = {
	};
	objectVersion = 46;
	objects = {

/* Begin PBXBuildFile section */
		D18280C11ECA7A3800A591EF /* Date+Miva.swift in Sources */ = {isa = PBXBuildFile; fileRef = D18280C01ECA7A3800A591EF /* Date+Miva.swift */; };
		D19890161EC7710F004EA332 /* Miva.framework in Frameworks */ = {isa = PBXBuildFile; fileRef = D198900C1EC7710F004EA332 /* Miva.framework */; };
		D198901B1EC7710F004EA332 /* MivaTests.swift in Sources */ = {isa = PBXBuildFile; fileRef = D198901A1EC7710F004EA332 /* MivaTests.swift */; };
		D198901D1EC7710F004EA332 /* Miva.h in Headers */ = {isa = PBXBuildFile; fileRef = D198900F1EC7710F004EA332 /* Miva.h */; settings = {ATTRIBUTES = (Public, ); }; };
		D198902D1EC7980E004EA332 /* AppDelegate.swift in Sources */ = {isa = PBXBuildFile; fileRef = D198902C1EC7980E004EA332 /* AppDelegate.swift */; };
		D19890321EC7980E004EA332 /* Main.storyboard in Resources */ = {isa = PBXBuildFile; fileRef = D19890301EC7980E004EA332 /* Main.storyboard */; };
		D19890341EC7980E004EA332 /* Assets.xcassets in Resources */ = {isa = PBXBuildFile; fileRef = D19890331EC7980E004EA332 /* Assets.xcassets */; };
		D19890371EC7980E004EA332 /* LaunchScreen.storyboard in Resources */ = {isa = PBXBuildFile; fileRef = D19890351EC7980E004EA332 /* LaunchScreen.storyboard */; };
		D19890421EC7980E004EA332 /* ExampleTests.swift in Sources */ = {isa = PBXBuildFile; fileRef = D19890411EC7980E004EA332 /* ExampleTests.swift */; };
		D198904D1EC7980E004EA332 /* ExampleUITests.swift in Sources */ = {isa = PBXBuildFile; fileRef = D198904C1EC7980E004EA332 /* ExampleUITests.swift */; };
		D19890591EC7A2AE004EA332 /* MivaCache.swift in Sources */ = {isa = PBXBuildFile; fileRef = D19890581EC7A2AE004EA332 /* MivaCache.swift */; };
		D198905B1EC7A2DE004EA332 /* MivaManager.swift in Sources */ = {isa = PBXBuildFile; fileRef = D198905A1EC7A2DE004EA332 /* MivaManager.swift */; };
		D19890661EC7B89C004EA332 /* MivaRequest.swift in Sources */ = {isa = PBXBuildFile; fileRef = D19890651EC7B89C004EA332 /* MivaRequest.swift */; };
		D19890681EC7C234004EA332 /* MivaError.swift in Sources */ = {isa = PBXBuildFile; fileRef = D19890671EC7C234004EA332 /* MivaError.swift */; };
		D198906A1EC7C602004EA332 /* DataConvertible.swift in Sources */ = {isa = PBXBuildFile; fileRef = D19890691EC7C602004EA332 /* DataConvertible.swift */; };
		D198906D1EC7C700004EA332 /* UIImage+Miva.swift in Sources */ = {isa = PBXBuildFile; fileRef = D198906C1EC7C700004EA332 /* UIImage+Miva.swift */; };
		D198906F1EC84C92004EA332 /* MivaLogger.swift in Sources */ = {isa = PBXBuildFile; fileRef = D198906E1EC84C92004EA332 /* MivaLogger.swift */; };
		D19890731EC897C7004EA332 /* MivaImageManager.swift in Sources */ = {isa = PBXBuildFile; fileRef = D19890721EC897C7004EA332 /* MivaImageManager.swift */; };
		D19890761EC89D81004EA332 /* UIImageView+Miva.swift in Sources */ = {isa = PBXBuildFile; fileRef = D19890701EC88CD6004EA332 /* UIImageView+Miva.swift */; };
		D19890841EC8A913004EA332 /* Miva.framework in Frameworks */ = {isa = PBXBuildFile; fileRef = D198900C1EC7710F004EA332 /* Miva.framework */; };
		D19890851EC8A913004EA332 /* Miva.framework in Embed Frameworks */ = {isa = PBXBuildFile; fileRef = D198900C1EC7710F004EA332 /* Miva.framework */; settings = {ATTRIBUTES = (CodeSignOnCopy, RemoveHeadersOnCopy, ); }; };
		D198908C1ECA31D0004EA332 /* MivaSettings.swift in Sources */ = {isa = PBXBuildFile; fileRef = D198908B1ECA31D0004EA332 /* MivaSettings.swift */; };
		D198908E1ECA4FC7004EA332 /* MivaCollectionViewCell.swift in Sources */ = {isa = PBXBuildFile; fileRef = D198908D1ECA4FC7004EA332 /* MivaCollectionViewCell.swift */; };
		D19890901ECA50E2004EA332 /* MivaLayout.swift in Sources */ = {isa = PBXBuildFile; fileRef = D198908F1ECA50E2004EA332 /* MivaLayout.swift */; };
		D19890921ECA5645004EA332 /* MivaCollectionViewController.swift in Sources */ = {isa = PBXBuildFile; fileRef = D19890911ECA5645004EA332 /* MivaCollectionViewController.swift */; };
		D19890941ECA5D60004EA332 /* Post.swift in Sources */ = {isa = PBXBuildFile; fileRef = D19890931ECA5D60004EA332 /* Post.swift */; };
		D19890991ECA5FC5004EA332 /* PostCollection.swift in Sources */ = {isa = PBXBuildFile; fileRef = D19890981ECA5FC5004EA332 /* PostCollection.swift */; };
		D198909B1ECA7409004EA332 /* UIColor+Miva.swift in Sources */ = {isa = PBXBuildFile; fileRef = D198909A1ECA7409004EA332 /* UIColor+Miva.swift */; };
/* End PBXBuildFile section */

/* Begin PBXContainerItemProxy section */
		D19890171EC7710F004EA332 /* PBXContainerItemProxy */ = {
			isa = PBXContainerItemProxy;
			containerPortal = D19890031EC7710F004EA332 /* Project object */;
			proxyType = 1;
			remoteGlobalIDString = D198900B1EC7710F004EA332;
			remoteInfo = Miva;
		};
		D198903E1EC7980E004EA332 /* PBXContainerItemProxy */ = {
			isa = PBXContainerItemProxy;
			containerPortal = D19890031EC7710F004EA332 /* Project object */;
			proxyType = 1;
			remoteGlobalIDString = D19890291EC7980E004EA332;
			remoteInfo = Example;
		};
		D19890491EC7980E004EA332 /* PBXContainerItemProxy */ = {
			isa = PBXContainerItemProxy;
			containerPortal = D19890031EC7710F004EA332 /* Project object */;
			proxyType = 1;
			remoteGlobalIDString = D19890291EC7980E004EA332;
			remoteInfo = Example;
		};
		D19890861EC8A913004EA332 /* PBXContainerItemProxy */ = {
			isa = PBXContainerItemProxy;
			containerPortal = D19890031EC7710F004EA332 /* Project object */;
			proxyType = 1;
			remoteGlobalIDString = D198900B1EC7710F004EA332;
			remoteInfo = Miva;
		};
/* End PBXContainerItemProxy section */

/* Begin PBXCopyFilesBuildPhase section */
		D19890881EC8A913004EA332 /* Embed Frameworks */ = {
			isa = PBXCopyFilesBuildPhase;
			buildActionMask = 2147483647;
			dstPath = "";
			dstSubfolderSpec = 10;
			files = (
				D19890851EC8A913004EA332 /* Miva.framework in Embed Frameworks */,
			);
			name = "Embed Frameworks";
			runOnlyForDeploymentPostprocessing = 0;
		};
/* End PBXCopyFilesBuildPhase section */

/* Begin PBXFileReference section */
		D18280C01ECA7A3800A591EF /* Date+Miva.swift */ = {isa = PBXFileReference; fileEncoding = 4; lastKnownFileType = sourcecode.swift; path = "Date+Miva.swift"; sourceTree = "<group>"; };
		D198900C1EC7710F004EA332 /* Miva.framework */ = {isa = PBXFileReference; explicitFileType = wrapper.framework; includeInIndex = 0; path = Miva.framework; sourceTree = BUILT_PRODUCTS_DIR; };
		D198900F1EC7710F004EA332 /* Miva.h */ = {isa = PBXFileReference; lastKnownFileType = sourcecode.c.h; path = Miva.h; sourceTree = "<group>"; };
		D19890101EC7710F004EA332 /* Info.plist */ = {isa = PBXFileReference; lastKnownFileType = text.plist.xml; path = Info.plist; sourceTree = "<group>"; };
		D19890151EC7710F004EA332 /* MivaTests.xctest */ = {isa = PBXFileReference; explicitFileType = wrapper.cfbundle; includeInIndex = 0; path = MivaTests.xctest; sourceTree = BUILT_PRODUCTS_DIR; };
		D198901A1EC7710F004EA332 /* MivaTests.swift */ = {isa = PBXFileReference; lastKnownFileType = sourcecode.swift; path = MivaTests.swift; sourceTree = "<group>"; };
		D198901C1EC7710F004EA332 /* Info.plist */ = {isa = PBXFileReference; lastKnownFileType = text.plist.xml; path = Info.plist; sourceTree = "<group>"; };
		D198902A1EC7980E004EA332 /* Example.app */ = {isa = PBXFileReference; explicitFileType = wrapper.application; includeInIndex = 0; path = Example.app; sourceTree = BUILT_PRODUCTS_DIR; };
		D198902C1EC7980E004EA332 /* AppDelegate.swift */ = {isa = PBXFileReference; lastKnownFileType = sourcecode.swift; path = AppDelegate.swift; sourceTree = "<group>"; };
		D19890311EC7980E004EA332 /* Base */ = {isa = PBXFileReference; lastKnownFileType = file.storyboard; name = Base; path = Base.lproj/Main.storyboard; sourceTree = "<group>"; };
		D19890331EC7980E004EA332 /* Assets.xcassets */ = {isa = PBXFileReference; lastKnownFileType = folder.assetcatalog; path = Assets.xcassets; sourceTree = "<group>"; };
		D19890361EC7980E004EA332 /* Base */ = {isa = PBXFileReference; lastKnownFileType = file.storyboard; name = Base; path = Base.lproj/LaunchScreen.storyboard; sourceTree = "<group>"; };
		D19890381EC7980E004EA332 /* Info.plist */ = {isa = PBXFileReference; lastKnownFileType = text.plist.xml; path = Info.plist; sourceTree = "<group>"; };
		D198903D1EC7980E004EA332 /* ExampleTests.xctest */ = {isa = PBXFileReference; explicitFileType = wrapper.cfbundle; includeInIndex = 0; path = ExampleTests.xctest; sourceTree = BUILT_PRODUCTS_DIR; };
		D19890411EC7980E004EA332 /* ExampleTests.swift */ = {isa = PBXFileReference; lastKnownFileType = sourcecode.swift; path = ExampleTests.swift; sourceTree = "<group>"; };
		D19890431EC7980E004EA332 /* Info.plist */ = {isa = PBXFileReference; lastKnownFileType = text.plist.xml; path = Info.plist; sourceTree = "<group>"; };
		D19890481EC7980E004EA332 /* ExampleUITests.xctest */ = {isa = PBXFileReference; explicitFileType = wrapper.cfbundle; includeInIndex = 0; path = ExampleUITests.xctest; sourceTree = BUILT_PRODUCTS_DIR; };
		D198904C1EC7980E004EA332 /* ExampleUITests.swift */ = {isa = PBXFileReference; lastKnownFileType = sourcecode.swift; path = ExampleUITests.swift; sourceTree = "<group>"; };
		D198904E1EC7980E004EA332 /* Info.plist */ = {isa = PBXFileReference; lastKnownFileType = text.plist.xml; path = Info.plist; sourceTree = "<group>"; };
		D19890581EC7A2AE004EA332 /* MivaCache.swift */ = {isa = PBXFileReference; fileEncoding = 4; lastKnownFileType = sourcecode.swift; path = MivaCache.swift; sourceTree = "<group>"; };
		D198905A1EC7A2DE004EA332 /* MivaManager.swift */ = {isa = PBXFileReference; fileEncoding = 4; lastKnownFileType = sourcecode.swift; path = MivaManager.swift; sourceTree = "<group>"; };
		D19890651EC7B89C004EA332 /* MivaRequest.swift */ = {isa = PBXFileReference; fileEncoding = 4; lastKnownFileType = sourcecode.swift; path = MivaRequest.swift; sourceTree = "<group>"; };
		D19890671EC7C234004EA332 /* MivaError.swift */ = {isa = PBXFileReference; fileEncoding = 4; lastKnownFileType = sourcecode.swift; path = MivaError.swift; sourceTree = "<group>"; };
		D19890691EC7C602004EA332 /* DataConvertible.swift */ = {isa = PBXFileReference; fileEncoding = 4; lastKnownFileType = sourcecode.swift; path = DataConvertible.swift; sourceTree = "<group>"; };
		D198906C1EC7C700004EA332 /* UIImage+Miva.swift */ = {isa = PBXFileReference; fileEncoding = 4; lastKnownFileType = sourcecode.swift; path = "UIImage+Miva.swift"; sourceTree = "<group>"; };
		D198906E1EC84C92004EA332 /* MivaLogger.swift */ = {isa = PBXFileReference; fileEncoding = 4; lastKnownFileType = sourcecode.swift; path = MivaLogger.swift; sourceTree = "<group>"; };
		D19890701EC88CD6004EA332 /* UIImageView+Miva.swift */ = {isa = PBXFileReference; fileEncoding = 4; lastKnownFileType = sourcecode.swift; path = "UIImageView+Miva.swift"; sourceTree = "<group>"; };
		D19890721EC897C7004EA332 /* MivaImageManager.swift */ = {isa = PBXFileReference; fileEncoding = 4; lastKnownFileType = sourcecode.swift; path = MivaImageManager.swift; sourceTree = "<group>"; };
		D198908B1ECA31D0004EA332 /* MivaSettings.swift */ = {isa = PBXFileReference; fileEncoding = 4; lastKnownFileType = sourcecode.swift; path = MivaSettings.swift; sourceTree = "<group>"; };
		D198908D1ECA4FC7004EA332 /* MivaCollectionViewCell.swift */ = {isa = PBXFileReference; fileEncoding = 4; lastKnownFileType = sourcecode.swift; path = MivaCollectionViewCell.swift; sourceTree = "<group>"; };
		D198908F1ECA50E2004EA332 /* MivaLayout.swift */ = {isa = PBXFileReference; fileEncoding = 4; lastKnownFileType = sourcecode.swift; path = MivaLayout.swift; sourceTree = "<group>"; };
		D19890911ECA5645004EA332 /* MivaCollectionViewController.swift */ = {isa = PBXFileReference; fileEncoding = 4; lastKnownFileType = sourcecode.swift; path = MivaCollectionViewController.swift; sourceTree = "<group>"; };
		D19890931ECA5D60004EA332 /* Post.swift */ = {isa = PBXFileReference; fileEncoding = 4; lastKnownFileType = sourcecode.swift; path = Post.swift; sourceTree = "<group>"; };
		D19890981ECA5FC5004EA332 /* PostCollection.swift */ = {isa = PBXFileReference; fileEncoding = 4; lastKnownFileType = sourcecode.swift; path = PostCollection.swift; sourceTree = "<group>"; };
		D198909A1ECA7409004EA332 /* UIColor+Miva.swift */ = {isa = PBXFileReference; fileEncoding = 4; lastKnownFileType = sourcecode.swift; path = "UIColor+Miva.swift"; sourceTree = "<group>"; };
/* End PBXFileReference section */

/* Begin PBXFrameworksBuildPhase section */
		D19890081EC7710F004EA332 /* Frameworks */ = {
			isa = PBXFrameworksBuildPhase;
			buildActionMask = 2147483647;
			files = (
			);
			runOnlyForDeploymentPostprocessing = 0;
		};
		D19890121EC7710F004EA332 /* Frameworks */ = {
			isa = PBXFrameworksBuildPhase;
			buildActionMask = 2147483647;
			files = (
				D19890161EC7710F004EA332 /* Miva.framework in Frameworks */,
			);
			runOnlyForDeploymentPostprocessing = 0;
		};
		D19890271EC7980E004EA332 /* Frameworks */ = {
			isa = PBXFrameworksBuildPhase;
			buildActionMask = 2147483647;
			files = (
				D19890841EC8A913004EA332 /* Miva.framework in Frameworks */,
			);
			runOnlyForDeploymentPostprocessing = 0;
		};
		D198903A1EC7980E004EA332 /* Frameworks */ = {
			isa = PBXFrameworksBuildPhase;
			buildActionMask = 2147483647;
			files = (
			);
			runOnlyForDeploymentPostprocessing = 0;
		};
		D19890451EC7980E004EA332 /* Frameworks */ = {
			isa = PBXFrameworksBuildPhase;
			buildActionMask = 2147483647;
			files = (
			);
			runOnlyForDeploymentPostprocessing = 0;
		};
/* End PBXFrameworksBuildPhase section */

/* Begin PBXGroup section */
		D18280BF1ECA7A2900A591EF /* Extensions */ = {
			isa = PBXGroup;
			children = (
				D198909A1ECA7409004EA332 /* UIColor+Miva.swift */,
				D18280C01ECA7A3800A591EF /* Date+Miva.swift */,
			);
			name = Extensions;
			sourceTree = "<group>";
		};
		D19890021EC7710F004EA332 = {
			isa = PBXGroup;
			children = (
				D198900E1EC7710F004EA332 /* Miva */,
				D19890191EC7710F004EA332 /* MivaTests */,
				D198902B1EC7980E004EA332 /* Example */,
				D19890401EC7980E004EA332 /* ExampleTests */,
				D198904B1EC7980E004EA332 /* ExampleUITests */,
				D198900D1EC7710F004EA332 /* Products */,
			);
			sourceTree = "<group>";
		};
		D198900D1EC7710F004EA332 /* Products */ = {
			isa = PBXGroup;
			children = (
				D198900C1EC7710F004EA332 /* Miva.framework */,
				D19890151EC7710F004EA332 /* MivaTests.xctest */,
				D198902A1EC7980E004EA332 /* Example.app */,
				D198903D1EC7980E004EA332 /* ExampleTests.xctest */,
				D19890481EC7980E004EA332 /* ExampleUITests.xctest */,
			);
			name = Products;
			sourceTree = "<group>";
		};
		D198900E1EC7710F004EA332 /* Miva */ = {
			isa = PBXGroup;
			children = (
				D198905A1EC7A2DE004EA332 /* MivaManager.swift */,
				D19890651EC7B89C004EA332 /* MivaRequest.swift */,
				D19890581EC7A2AE004EA332 /* MivaCache.swift */,
				D19890671EC7C234004EA332 /* MivaError.swift */,
				D198906E1EC84C92004EA332 /* MivaLogger.swift */,
				D198908B1ECA31D0004EA332 /* MivaSettings.swift */,
				D19890691EC7C602004EA332 /* DataConvertible.swift */,
				D198908A1ECA2637004EA332 /* Image */,
				D198906B1EC7C6ED004EA332 /* Extensions */,
				D198900F1EC7710F004EA332 /* Miva.h */,
				D19890101EC7710F004EA332 /* Info.plist */,
			);
			path = Miva;
			sourceTree = "<group>";
		};
		D19890191EC7710F004EA332 /* MivaTests */ = {
			isa = PBXGroup;
			children = (
				D198901A1EC7710F004EA332 /* MivaTests.swift */,
				D198901C1EC7710F004EA332 /* Info.plist */,
			);
			path = MivaTests;
			sourceTree = "<group>";
		};
		D198902B1EC7980E004EA332 /* Example */ = {
			isa = PBXGroup;
			children = (
				D19890951ECA5D6C004EA332 /* Model */,
				D19890961ECA5D74004EA332 /* Views */,
				D19890971ECA5D7F004EA332 /* Controllers */,
				D18280BF1ECA7A2900A591EF /* Extensions */,
				D198902C1EC7980E004EA332 /* AppDelegate.swift */,
				D19890331EC7980E004EA332 /* Assets.xcassets */,
				D19890381EC7980E004EA332 /* Info.plist */,
			);
			path = Example;
			sourceTree = "<group>";
		};
		D19890401EC7980E004EA332 /* ExampleTests */ = {
			isa = PBXGroup;
			children = (
				D19890411EC7980E004EA332 /* ExampleTests.swift */,
				D19890431EC7980E004EA332 /* Info.plist */,
			);
			path = ExampleTests;
			sourceTree = "<group>";
		};
		D198904B1EC7980E004EA332 /* ExampleUITests */ = {
			isa = PBXGroup;
			children = (
				D198904C1EC7980E004EA332 /* ExampleUITests.swift */,
				D198904E1EC7980E004EA332 /* Info.plist */,
			);
			path = ExampleUITests;
			sourceTree = "<group>";
		};
		D198906B1EC7C6ED004EA332 /* Extensions */ = {
			isa = PBXGroup;
			children = (
				D198906C1EC7C700004EA332 /* UIImage+Miva.swift */,
				D19890701EC88CD6004EA332 /* UIImageView+Miva.swift */,
			);
			name = Extensions;
			sourceTree = "<group>";
		};
		D198908A1ECA2637004EA332 /* Image */ = {
			isa = PBXGroup;
			children = (
				D19890721EC897C7004EA332 /* MivaImageManager.swift */,
			);
			name = Image;
			sourceTree = "<group>";
		};
		D19890951ECA5D6C004EA332 /* Model */ = {
			isa = PBXGroup;
			children = (
				D19890931ECA5D60004EA332 /* Post.swift */,
				D19890981ECA5FC5004EA332 /* PostCollection.swift */,
			);
			name = Model;
			sourceTree = "<group>";
		};
		D19890961ECA5D74004EA332 /* Views */ = {
			isa = PBXGroup;
			children = (
				D19890301EC7980E004EA332 /* Main.storyboard */,
				D19890351EC7980E004EA332 /* LaunchScreen.storyboard */,
				D198908D1ECA4FC7004EA332 /* MivaCollectionViewCell.swift */,
				D198908F1ECA50E2004EA332 /* MivaLayout.swift */,
			);
			name = Views;
			sourceTree = "<group>";
		};
		D19890971ECA5D7F004EA332 /* Controllers */ = {
			isa = PBXGroup;
			children = (
				D19890911ECA5645004EA332 /* MivaCollectionViewController.swift */,
			);
			name = Controllers;
			sourceTree = "<group>";
		};
/* End PBXGroup section */

/* Begin PBXHeadersBuildPhase section */
		D19890091EC7710F004EA332 /* Headers */ = {
			isa = PBXHeadersBuildPhase;
			buildActionMask = 2147483647;
			files = (
				D198901D1EC7710F004EA332 /* Miva.h in Headers */,
			);
			runOnlyForDeploymentPostprocessing = 0;
		};
/* End PBXHeadersBuildPhase section */

/* Begin PBXNativeTarget section */
		D198900B1EC7710F004EA332 /* Miva */ = {
			isa = PBXNativeTarget;
			buildConfigurationList = D19890201EC7710F004EA332 /* Build configuration list for PBXNativeTarget "Miva" */;
			buildPhases = (
				D19890071EC7710F004EA332 /* Sources */,
				D19890081EC7710F004EA332 /* Frameworks */,
				D19890091EC7710F004EA332 /* Headers */,
				D198900A1EC7710F004EA332 /* Resources */,
			);
			buildRules = (
			);
			dependencies = (
			);
			name = Miva;
			productName = Miva;
			productReference = D198900C1EC7710F004EA332 /* Miva.framework */;
			productType = "com.apple.product-type.framework";
		};
		D19890141EC7710F004EA332 /* MivaTests */ = {
			isa = PBXNativeTarget;
			buildConfigurationList = D19890231EC7710F004EA332 /* Build configuration list for PBXNativeTarget "MivaTests" */;
			buildPhases = (
				D19890111EC7710F004EA332 /* Sources */,
				D19890121EC7710F004EA332 /* Frameworks */,
				D19890131EC7710F004EA332 /* Resources */,
			);
			buildRules = (
			);
			dependencies = (
				D19890181EC7710F004EA332 /* PBXTargetDependency */,
			);
			name = MivaTests;
			productName = MivaTests;
			productReference = D19890151EC7710F004EA332 /* MivaTests.xctest */;
			productType = "com.apple.product-type.bundle.unit-test";
		};
		D19890291EC7980E004EA332 /* Example */ = {
			isa = PBXNativeTarget;
			buildConfigurationList = D198904F1EC7980E004EA332 /* Build configuration list for PBXNativeTarget "Example" */;
			buildPhases = (
				D19890261EC7980E004EA332 /* Sources */,
				D19890271EC7980E004EA332 /* Frameworks */,
				D19890281EC7980E004EA332 /* Resources */,
				D19890881EC8A913004EA332 /* Embed Frameworks */,
			);
			buildRules = (
			);
			dependencies = (
				D19890871EC8A913004EA332 /* PBXTargetDependency */,
			);
			name = Example;
			productName = Example;
			productReference = D198902A1EC7980E004EA332 /* Example.app */;
			productType = "com.apple.product-type.application";
		};
		D198903C1EC7980E004EA332 /* ExampleTests */ = {
			isa = PBXNativeTarget;
			buildConfigurationList = D19890521EC7980E004EA332 /* Build configuration list for PBXNativeTarget "ExampleTests" */;
			buildPhases = (
				D19890391EC7980E004EA332 /* Sources */,
				D198903A1EC7980E004EA332 /* Frameworks */,
				D198903B1EC7980E004EA332 /* Resources */,
			);
			buildRules = (
			);
			dependencies = (
				D198903F1EC7980E004EA332 /* PBXTargetDependency */,
			);
			name = ExampleTests;
			productName = ExampleTests;
			productReference = D198903D1EC7980E004EA332 /* ExampleTests.xctest */;
			productType = "com.apple.product-type.bundle.unit-test";
		};
		D19890471EC7980E004EA332 /* ExampleUITests */ = {
			isa = PBXNativeTarget;
			buildConfigurationList = D19890551EC7980E004EA332 /* Build configuration list for PBXNativeTarget "ExampleUITests" */;
			buildPhases = (
				D19890441EC7980E004EA332 /* Sources */,
				D19890451EC7980E004EA332 /* Frameworks */,
				D19890461EC7980E004EA332 /* Resources */,
			);
			buildRules = (
			);
			dependencies = (
				D198904A1EC7980E004EA332 /* PBXTargetDependency */,
			);
			name = ExampleUITests;
			productName = ExampleUITests;
			productReference = D19890481EC7980E004EA332 /* ExampleUITests.xctest */;
			productType = "com.apple.product-type.bundle.ui-testing";
		};
/* End PBXNativeTarget section */

/* Begin PBXProject section */
		D19890031EC7710F004EA332 /* Project object */ = {
			isa = PBXProject;
			attributes = {
				LastSwiftUpdateCheck = 0830;
				LastUpgradeCheck = 0830;
				ORGANIZATIONNAME = "Mind Valley";
				TargetAttributes = {
					D198900B1EC7710F004EA332 = {
						CreatedOnToolsVersion = 8.3;
						LastSwiftMigration = 0830;
						ProvisioningStyle = Automatic;
					};
					D19890141EC7710F004EA332 = {
						CreatedOnToolsVersion = 8.3;
						ProvisioningStyle = Automatic;
					};
					D19890291EC7980E004EA332 = {
						CreatedOnToolsVersion = 8.3;
						ProvisioningStyle = Automatic;
					};
					D198903C1EC7980E004EA332 = {
						CreatedOnToolsVersion = 8.3;
						ProvisioningStyle = Automatic;
						TestTargetID = D19890291EC7980E004EA332;
					};
					D19890471EC7980E004EA332 = {
						CreatedOnToolsVersion = 8.3;
						ProvisioningStyle = Automatic;
						TestTargetID = D19890291EC7980E004EA332;
					};
				};
			};
			buildConfigurationList = D19890061EC7710F004EA332 /* Build configuration list for PBXProject "Miva" */;
			compatibilityVersion = "Xcode 3.2";
			developmentRegion = English;
			hasScannedForEncodings = 0;
			knownRegions = (
				en,
				Base,
			);
			mainGroup = D19890021EC7710F004EA332;
			productRefGroup = D198900D1EC7710F004EA332 /* Products */;
			projectDirPath = "";
			projectRoot = "";
			targets = (
				D198900B1EC7710F004EA332 /* Miva */,
				D19890141EC7710F004EA332 /* MivaTests */,
				D19890291EC7980E004EA332 /* Example */,
				D198903C1EC7980E004EA332 /* ExampleTests */,
				D19890471EC7980E004EA332 /* ExampleUITests */,
			);
		};
/* End PBXProject section */

/* Begin PBXResourcesBuildPhase section */
		D198900A1EC7710F004EA332 /* Resources */ = {
			isa = PBXResourcesBuildPhase;
			buildActionMask = 2147483647;
			files = (
			);
			runOnlyForDeploymentPostprocessing = 0;
		};
		D19890131EC7710F004EA332 /* Resources */ = {
			isa = PBXResourcesBuildPhase;
			buildActionMask = 2147483647;
			files = (
			);
			runOnlyForDeploymentPostprocessing = 0;
		};
		D19890281EC7980E004EA332 /* Resources */ = {
			isa = PBXResourcesBuildPhase;
			buildActionMask = 2147483647;
			files = (
				D19890371EC7980E004EA332 /* LaunchScreen.storyboard in Resources */,
				D19890341EC7980E004EA332 /* Assets.xcassets in Resources */,
				D19890321EC7980E004EA332 /* Main.storyboard in Resources */,
			);
			runOnlyForDeploymentPostprocessing = 0;
		};
		D198903B1EC7980E004EA332 /* Resources */ = {
			isa = PBXResourcesBuildPhase;
			buildActionMask = 2147483647;
			files = (
			);
			runOnlyForDeploymentPostprocessing = 0;
		};
		D19890461EC7980E004EA332 /* Resources */ = {
			isa = PBXResourcesBuildPhase;
			buildActionMask = 2147483647;
			files = (
			);
			runOnlyForDeploymentPostprocessing = 0;
		};
/* End PBXResourcesBuildPhase section */

/* Begin PBXSourcesBuildPhase section */
		D19890071EC7710F004EA332 /* Sources */ = {
			isa = PBXSourcesBuildPhase;
			buildActionMask = 2147483647;
			files = (
				D19890681EC7C234004EA332 /* MivaError.swift in Sources */,
				D198906A1EC7C602004EA332 /* DataConvertible.swift in Sources */,
				D198906F1EC84C92004EA332 /* MivaLogger.swift in Sources */,
				D198908C1ECA31D0004EA332 /* MivaSettings.swift in Sources */,
				D19890731EC897C7004EA332 /* MivaImageManager.swift in Sources */,
				D19890761EC89D81004EA332 /* UIImageView+Miva.swift in Sources */,
				D19890661EC7B89C004EA332 /* MivaRequest.swift in Sources */,
				D198906D1EC7C700004EA332 /* UIImage+Miva.swift in Sources */,
				D198905B1EC7A2DE004EA332 /* MivaManager.swift in Sources */,
				D19890591EC7A2AE004EA332 /* MivaCache.swift in Sources */,
			);
			runOnlyForDeploymentPostprocessing = 0;
		};
		D19890111EC7710F004EA332 /* Sources */ = {
			isa = PBXSourcesBuildPhase;
			buildActionMask = 2147483647;
			files = (
				D198901B1EC7710F004EA332 /* MivaTests.swift in Sources */,
			);
			runOnlyForDeploymentPostprocessing = 0;
		};
		D19890261EC7980E004EA332 /* Sources */ = {
			isa = PBXSourcesBuildPhase;
			buildActionMask = 2147483647;
			files = (
				D18280C11ECA7A3800A591EF /* Date+Miva.swift in Sources */,
				D19890941ECA5D60004EA332 /* Post.swift in Sources */,
				D19890991ECA5FC5004EA332 /* PostCollection.swift in Sources */,
				D198909B1ECA7409004EA332 /* UIColor+Miva.swift in Sources */,
				D19890921ECA5645004EA332 /* MivaCollectionViewController.swift in Sources */,
				D198902D1EC7980E004EA332 /* AppDelegate.swift in Sources */,
				D19890901ECA50E2004EA332 /* MivaLayout.swift in Sources */,
				D198908E1ECA4FC7004EA332 /* MivaCollectionViewCell.swift in Sources */,
			);
			runOnlyForDeploymentPostprocessing = 0;
		};
		D19890391EC7980E004EA332 /* Sources */ = {
			isa = PBXSourcesBuildPhase;
			buildActionMask = 2147483647;
			files = (
				D19890421EC7980E004EA332 /* ExampleTests.swift in Sources */,
			);
			runOnlyForDeploymentPostprocessing = 0;
		};
		D19890441EC7980E004EA332 /* Sources */ = {
			isa = PBXSourcesBuildPhase;
			buildActionMask = 2147483647;
			files = (
				D198904D1EC7980E004EA332 /* ExampleUITests.swift in Sources */,
			);
			runOnlyForDeploymentPostprocessing = 0;
		};
/* End PBXSourcesBuildPhase section */

/* Begin PBXTargetDependency section */
		D19890181EC7710F004EA332 /* PBXTargetDependency */ = {
			isa = PBXTargetDependency;
			target = D198900B1EC7710F004EA332 /* Miva */;
			targetProxy = D19890171EC7710F004EA332 /* PBXContainerItemProxy */;
		};
		D198903F1EC7980E004EA332 /* PBXTargetDependency */ = {
			isa = PBXTargetDependency;
			target = D19890291EC7980E004EA332 /* Example */;
			targetProxy = D198903E1EC7980E004EA332 /* PBXContainerItemProxy */;
		};
		D198904A1EC7980E004EA332 /* PBXTargetDependency */ = {
			isa = PBXTargetDependency;
			target = D19890291EC7980E004EA332 /* Example */;
			targetProxy = D19890491EC7980E004EA332 /* PBXContainerItemProxy */;
		};
		D19890871EC8A913004EA332 /* PBXTargetDependency */ = {
			isa = PBXTargetDependency;
			target = D198900B1EC7710F004EA332 /* Miva */;
			targetProxy = D19890861EC8A913004EA332 /* PBXContainerItemProxy */;
		};
/* End PBXTargetDependency section */

/* Begin PBXVariantGroup section */
		D19890301EC7980E004EA332 /* Main.storyboard */ = {
			isa = PBXVariantGroup;
			children = (
				D19890311EC7980E004EA332 /* Base */,
			);
			name = Main.storyboard;
			sourceTree = "<group>";
		};
		D19890351EC7980E004EA332 /* LaunchScreen.storyboard */ = {
			isa = PBXVariantGroup;
			children = (
				D19890361EC7980E004EA332 /* Base */,
			);
			name = LaunchScreen.storyboard;
			sourceTree = "<group>";
		};
/* End PBXVariantGroup section */

/* Begin XCBuildConfiguration section */
		D198901E1EC7710F004EA332 /* Debug */ = {
			isa = XCBuildConfiguration;
			buildSettings = {
				ALWAYS_SEARCH_USER_PATHS = NO;
				CLANG_ANALYZER_NONNULL = YES;
				CLANG_ANALYZER_NUMBER_OBJECT_CONVERSION = YES_AGGRESSIVE;
				CLANG_CXX_LANGUAGE_STANDARD = "gnu++0x";
				CLANG_CXX_LIBRARY = "libc++";
				CLANG_ENABLE_MODULES = YES;
				CLANG_ENABLE_OBJC_ARC = YES;
				CLANG_WARN_BOOL_CONVERSION = YES;
				CLANG_WARN_CONSTANT_CONVERSION = YES;
				CLANG_WARN_DIRECT_OBJC_ISA_USAGE = YES_ERROR;
				CLANG_WARN_DOCUMENTATION_COMMENTS = YES;
				CLANG_WARN_EMPTY_BODY = YES;
				CLANG_WARN_ENUM_CONVERSION = YES;
				CLANG_WARN_INFINITE_RECURSION = YES;
				CLANG_WARN_INT_CONVERSION = YES;
				CLANG_WARN_OBJC_ROOT_CLASS = YES_ERROR;
				CLANG_WARN_SUSPICIOUS_MOVE = YES;
				CLANG_WARN_UNREACHABLE_CODE = YES;
				CLANG_WARN__DUPLICATE_METHOD_MATCH = YES;
				"CODE_SIGN_IDENTITY[sdk=iphoneos*]" = "iPhone Developer";
				COPY_PHASE_STRIP = NO;
				CURRENT_PROJECT_VERSION = 1;
				DEBUG_INFORMATION_FORMAT = dwarf;
				ENABLE_STRICT_OBJC_MSGSEND = YES;
				ENABLE_TESTABILITY = YES;
				GCC_C_LANGUAGE_STANDARD = gnu99;
				GCC_DYNAMIC_NO_PIC = NO;
				GCC_NO_COMMON_BLOCKS = YES;
				GCC_OPTIMIZATION_LEVEL = 0;
				GCC_PREPROCESSOR_DEFINITIONS = (
					"DEBUG=1",
					"$(inherited)",
				);
				GCC_WARN_64_TO_32_BIT_CONVERSION = YES;
				GCC_WARN_ABOUT_RETURN_TYPE = YES_ERROR;
				GCC_WARN_UNDECLARED_SELECTOR = YES;
				GCC_WARN_UNINITIALIZED_AUTOS = YES_AGGRESSIVE;
				GCC_WARN_UNUSED_FUNCTION = YES;
				GCC_WARN_UNUSED_VARIABLE = YES;
				IPHONEOS_DEPLOYMENT_TARGET = 10.3;
				MTL_ENABLE_DEBUG_INFO = YES;
				ONLY_ACTIVE_ARCH = YES;
				SDKROOT = iphoneos;
				SWIFT_ACTIVE_COMPILATION_CONDITIONS = DEBUG;
				SWIFT_OPTIMIZATION_LEVEL = "-Onone";
				TARGETED_DEVICE_FAMILY = "1,2";
				VERSIONING_SYSTEM = "apple-generic";
				VERSION_INFO_PREFIX = "";
			};
			name = Debug;
		};
		D198901F1EC7710F004EA332 /* Release */ = {
			isa = XCBuildConfiguration;
			buildSettings = {
				ALWAYS_SEARCH_USER_PATHS = NO;
				CLANG_ANALYZER_NONNULL = YES;
				CLANG_ANALYZER_NUMBER_OBJECT_CONVERSION = YES_AGGRESSIVE;
				CLANG_CXX_LANGUAGE_STANDARD = "gnu++0x";
				CLANG_CXX_LIBRARY = "libc++";
				CLANG_ENABLE_MODULES = YES;
				CLANG_ENABLE_OBJC_ARC = YES;
				CLANG_WARN_BOOL_CONVERSION = YES;
				CLANG_WARN_CONSTANT_CONVERSION = YES;
				CLANG_WARN_DIRECT_OBJC_ISA_USAGE = YES_ERROR;
				CLANG_WARN_DOCUMENTATION_COMMENTS = YES;
				CLANG_WARN_EMPTY_BODY = YES;
				CLANG_WARN_ENUM_CONVERSION = YES;
				CLANG_WARN_INFINITE_RECURSION = YES;
				CLANG_WARN_INT_CONVERSION = YES;
				CLANG_WARN_OBJC_ROOT_CLASS = YES_ERROR;
				CLANG_WARN_SUSPICIOUS_MOVE = YES;
				CLANG_WARN_UNREACHABLE_CODE = YES;
				CLANG_WARN__DUPLICATE_METHOD_MATCH = YES;
				"CODE_SIGN_IDENTITY[sdk=iphoneos*]" = "iPhone Developer";
				COPY_PHASE_STRIP = NO;
				CURRENT_PROJECT_VERSION = 1;
				DEBUG_INFORMATION_FORMAT = "dwarf-with-dsym";
				ENABLE_NS_ASSERTIONS = NO;
				ENABLE_STRICT_OBJC_MSGSEND = YES;
				GCC_C_LANGUAGE_STANDARD = gnu99;
				GCC_NO_COMMON_BLOCKS = YES;
				GCC_WARN_64_TO_32_BIT_CONVERSION = YES;
				GCC_WARN_ABOUT_RETURN_TYPE = YES_ERROR;
				GCC_WARN_UNDECLARED_SELECTOR = YES;
				GCC_WARN_UNINITIALIZED_AUTOS = YES_AGGRESSIVE;
				GCC_WARN_UNUSED_FUNCTION = YES;
				GCC_WARN_UNUSED_VARIABLE = YES;
				IPHONEOS_DEPLOYMENT_TARGET = 10.3;
				MTL_ENABLE_DEBUG_INFO = NO;
				SDKROOT = iphoneos;
				SWIFT_OPTIMIZATION_LEVEL = "-Owholemodule";
				TARGETED_DEVICE_FAMILY = "1,2";
				VALIDATE_PRODUCT = YES;
				VERSIONING_SYSTEM = "apple-generic";
				VERSION_INFO_PREFIX = "";
			};
			name = Release;
		};
		D19890211EC7710F004EA332 /* Debug */ = {
			isa = XCBuildConfiguration;
			buildSettings = {
				CLANG_ENABLE_MODULES = YES;
				CODE_SIGN_IDENTITY = "";
				DEFINES_MODULE = YES;
				DYLIB_COMPATIBILITY_VERSION = 1;
				DYLIB_CURRENT_VERSION = 1;
				DYLIB_INSTALL_NAME_BASE = "@rpath";
				INFOPLIST_FILE = Miva/Info.plist;
				INSTALL_PATH = "$(LOCAL_LIBRARY_DIR)/Frameworks";
				LD_RUNPATH_SEARCH_PATHS = "$(inherited) @executable_path/Frameworks @loader_path/Frameworks";
				PRODUCT_BUNDLE_IDENTIFIER = mindvalley.Miva;
				PRODUCT_NAME = "$(TARGET_NAME)";
				SKIP_INSTALL = YES;
				SWIFT_OPTIMIZATION_LEVEL = "-Onone";
				SWIFT_VERSION = 3.0;
			};
			name = Debug;
		};
		D19890221EC7710F004EA332 /* Release */ = {
			isa = XCBuildConfiguration;
			buildSettings = {
				CLANG_ENABLE_MODULES = YES;
				CODE_SIGN_IDENTITY = "";
				DEFINES_MODULE = YES;
				DYLIB_COMPATIBILITY_VERSION = 1;
				DYLIB_CURRENT_VERSION = 1;
				DYLIB_INSTALL_NAME_BASE = "@rpath";
				INFOPLIST_FILE = Miva/Info.plist;
				INSTALL_PATH = "$(LOCAL_LIBRARY_DIR)/Frameworks";
				LD_RUNPATH_SEARCH_PATHS = "$(inherited) @executable_path/Frameworks @loader_path/Frameworks";
				PRODUCT_BUNDLE_IDENTIFIER = mindvalley.Miva;
				PRODUCT_NAME = "$(TARGET_NAME)";
				SKIP_INSTALL = YES;
				SWIFT_VERSION = 3.0;
			};
			name = Release;
		};
		D19890241EC7710F004EA332 /* Debug */ = {
			isa = XCBuildConfiguration;
			buildSettings = {
				ALWAYS_EMBED_SWIFT_STANDARD_LIBRARIES = YES;
				INFOPLIST_FILE = MivaTests/Info.plist;
				LD_RUNPATH_SEARCH_PATHS = "$(inherited) @executable_path/Frameworks @loader_path/Frameworks";
				PRODUCT_BUNDLE_IDENTIFIER = mindvalley.MivaTests;
				PRODUCT_NAME = "$(TARGET_NAME)";
				SWIFT_VERSION = 3.0;
			};
			name = Debug;
		};
		D19890251EC7710F004EA332 /* Release */ = {
			isa = XCBuildConfiguration;
			buildSettings = {
				ALWAYS_EMBED_SWIFT_STANDARD_LIBRARIES = YES;
				INFOPLIST_FILE = MivaTests/Info.plist;
				LD_RUNPATH_SEARCH_PATHS = "$(inherited) @executable_path/Frameworks @loader_path/Frameworks";
				PRODUCT_BUNDLE_IDENTIFIER = mindvalley.MivaTests;
				PRODUCT_NAME = "$(TARGET_NAME)";
				SWIFT_VERSION = 3.0;
			};
			name = Release;
		};
		D19890501EC7980E004EA332 /* Debug */ = {
			isa = XCBuildConfiguration;
			buildSettings = {
				ALWAYS_EMBED_SWIFT_STANDARD_LIBRARIES = YES;
				ASSETCATALOG_COMPILER_APPICON_NAME = AppIcon;
				INFOPLIST_FILE = Example/Info.plist;
				LD_RUNPATH_SEARCH_PATHS = "$(inherited) @executable_path/Frameworks";
				PRODUCT_BUNDLE_IDENTIFIER = mindvalley.Example;
				PRODUCT_NAME = "$(TARGET_NAME)";
				SWIFT_VERSION = 3.0;
			};
			name = Debug;
		};
		D19890511EC7980E004EA332 /* Release */ = {
			isa = XCBuildConfiguration;
			buildSettings = {
				ALWAYS_EMBED_SWIFT_STANDARD_LIBRARIES = YES;
				ASSETCATALOG_COMPILER_APPICON_NAME = AppIcon;
				INFOPLIST_FILE = Example/Info.plist;
				LD_RUNPATH_SEARCH_PATHS = "$(inherited) @executable_path/Frameworks";
				PRODUCT_BUNDLE_IDENTIFIER = mindvalley.Example;
				PRODUCT_NAME = "$(TARGET_NAME)";
				SWIFT_VERSION = 3.0;
			};
			name = Release;
		};
		D19890531EC7980E004EA332 /* Debug */ = {
			isa = XCBuildConfiguration;
			buildSettings = {
				ALWAYS_EMBED_SWIFT_STANDARD_LIBRARIES = YES;
				BUNDLE_LOADER = "$(TEST_HOST)";
				INFOPLIST_FILE = ExampleTests/Info.plist;
				LD_RUNPATH_SEARCH_PATHS = "$(inherited) @executable_path/Frameworks @loader_path/Frameworks";
				PRODUCT_BUNDLE_IDENTIFIER = mindvalley.ExampleTests;
				PRODUCT_NAME = "$(TARGET_NAME)";
				SWIFT_VERSION = 3.0;
				TEST_HOST = "$(BUILT_PRODUCTS_DIR)/Example.app/Example";
			};
			name = Debug;
		};
		D19890541EC7980E004EA332 /* Release */ = {
			isa = XCBuildConfiguration;
			buildSettings = {
				ALWAYS_EMBED_SWIFT_STANDARD_LIBRARIES = YES;
				BUNDLE_LOADER = "$(TEST_HOST)";
				INFOPLIST_FILE = ExampleTests/Info.plist;
				LD_RUNPATH_SEARCH_PATHS = "$(inherited) @executable_path/Frameworks @loader_path/Frameworks";
				PRODUCT_BUNDLE_IDENTIFIER = mindvalley.ExampleTests;
				PRODUCT_NAME = "$(TARGET_NAME)";
				SWIFT_VERSION = 3.0;
				TEST_HOST = "$(BUILT_PRODUCTS_DIR)/Example.app/Example";
			};
			name = Release;
		};
		D19890561EC7980E004EA332 /* Debug */ = {
			isa = XCBuildConfiguration;
			buildSettings = {
				ALWAYS_EMBED_SWIFT_STANDARD_LIBRARIES = YES;
				INFOPLIST_FILE = ExampleUITests/Info.plist;
				LD_RUNPATH_SEARCH_PATHS = "$(inherited) @executable_path/Frameworks @loader_path/Frameworks";
				PRODUCT_BUNDLE_IDENTIFIER = mindvalley.ExampleUITests;
				PRODUCT_NAME = "$(TARGET_NAME)";
				SWIFT_VERSION = 3.0;
				TEST_TARGET_NAME = Example;
			};
			name = Debug;
		};
		D19890571EC7980E004EA332 /* Release */ = {
			isa = XCBuildConfiguration;
			buildSettings = {
				ALWAYS_EMBED_SWIFT_STANDARD_LIBRARIES = YES;
				INFOPLIST_FILE = ExampleUITests/Info.plist;
				LD_RUNPATH_SEARCH_PATHS = "$(inherited) @executable_path/Frameworks @loader_path/Frameworks";
				PRODUCT_BUNDLE_IDENTIFIER = mindvalley.ExampleUITests;
				PRODUCT_NAME = "$(TARGET_NAME)";
				SWIFT_VERSION = 3.0;
				TEST_TARGET_NAME = Example;
			};
			name = Release;
		};
/* End XCBuildConfiguration section */

/* Begin XCConfigurationList section */
		D19890061EC7710F004EA332 /* Build configuration list for PBXProject "Miva" */ = {
			isa = XCConfigurationList;
			buildConfigurations = (
				D198901E1EC7710F004EA332 /* Debug */,
				D198901F1EC7710F004EA332 /* Release */,
			);
			defaultConfigurationIsVisible = 0;
			defaultConfigurationName = Release;
		};
		D19890201EC7710F004EA332 /* Build configuration list for PBXNativeTarget "Miva" */ = {
			isa = XCConfigurationList;
			buildConfigurations = (
				D19890211EC7710F004EA332 /* Debug */,
				D19890221EC7710F004EA332 /* Release */,
			);
			defaultConfigurationIsVisible = 0;
			defaultConfigurationName = Release;
		};
		D19890231EC7710F004EA332 /* Build configuration list for PBXNativeTarget "MivaTests" */ = {
			isa = XCConfigurationList;
			buildConfigurations = (
				D19890241EC7710F004EA332 /* Debug */,
				D19890251EC7710F004EA332 /* Release */,
			);
			defaultConfigurationIsVisible = 0;
			defaultConfigurationName = Release;
		};
		D198904F1EC7980E004EA332 /* Build configuration list for PBXNativeTarget "Example" */ = {
			isa = XCConfigurationList;
			buildConfigurations = (
				D19890501EC7980E004EA332 /* Debug */,
				D19890511EC7980E004EA332 /* Release */,
			);
			defaultConfigurationIsVisible = 0;
			defaultConfigurationName = Release;
		};
		D19890521EC7980E004EA332 /* Build configuration list for PBXNativeTarget "ExampleTests" */ = {
			isa = XCConfigurationList;
			buildConfigurations = (
				D19890531EC7980E004EA332 /* Debug */,
				D19890541EC7980E004EA332 /* Release */,
			);
			defaultConfigurationIsVisible = 0;
			defaultConfigurationName = Release;
		};
		D19890551EC7980E004EA332 /* Build configuration list for PBXNativeTarget "ExampleUITests" */ = {
			isa = XCConfigurationList;
			buildConfigurations = (
				D19890561EC7980E004EA332 /* Debug */,
				D19890571EC7980E004EA332 /* Release */,
			);
			defaultConfigurationIsVisible = 0;
			defaultConfigurationName = Release;
		};
/* End XCConfigurationList section */
	};
	rootObject = D19890031EC7710F004EA332 /* Project object */;
}
